
Microsoft Visual Studio Solution File, Format Version 12.00
# Visual Studio Version 17
VisualStudioVersion = 17.0.31903.59
MinimumVisualStudioVersion = 10.0.40219.1
Project("{FAE04EC0-301F-11D3-BF4B-00C04F79EFBC}") = "quotimal", "quotimal\quotimal.csproj", "{5C8E4BF8-DBFB-4D54-A1EC-AEAD8EB6ED04}"
EndProject
Project("{FAE04EC0-301F-11D3-BF4B-00C04F79EFBC}") = "quotimal.tests", "quotimal.tests\quotimal.tests.csproj", "{7418CC4D-BE03-4489-A730-64D51CACAC08}"
EndProject
Global
	GlobalSection(SolutionConfigurationPlatforms) = preSolution
		Debug|Any CPU = Debug|Any CPU
		Release|Any CPU = Release|Any CPU
	EndGlobalSection
	GlobalSection(SolutionProperties) = preSolution
		HideSolutionNode = FALSE
	EndGlobalSection
	GlobalSection(ProjectConfigurationPlatforms) = postSolution
		{5C8E4BF8-DBFB-4D54-A1EC-AEAD8EB6ED04}.Debug|Any CPU.ActiveCfg = Debug|Any CPU
		{5C8E4BF8-DBFB-4D54-A1EC-AEAD8EB6ED04}.Debug|Any CPU.Build.0 = Debug|Any CPU
		{5C8E4BF8-DBFB-4D54-A1EC-AEAD8EB6ED04}.Release|Any CPU.ActiveCfg = Release|Any CPU
		{5C8E4BF8-DBFB-4D54-A1EC-AEAD8EB6ED04}.Release|Any CPU.Build.0 = Release|Any CPU
		{7418CC4D-BE03-4489-A730-64D51CACAC08}.Debug|Any CPU.ActiveCfg = Debug|Any CPU
		{7418CC4D-BE03-4489-A730-64D51CACAC08}.Debug|Any CPU.Build.0 = Debug|Any CPU
		{7418CC4D-BE03-4489-A730-64D51CACAC08}.Release|Any CPU.ActiveCfg = Release|Any CPU
		{7418CC4D-BE03-4489-A730-64D51CACAC08}.Release|Any CPU.Build.0 = Release|Any CPU
	EndGlobalSection
EndGlobal
